// !$*UTF8*$!
{
	archiveVersion = 1;
	classes = {
	};
	objectVersion = 56;
	objects = {

/* Begin PBXBuildFile section */
		48091EFF2BA34BB900EFCF69 /* HackerNewsApp.swift in Sources */ = {isa = PBXBuildFile; fileRef = 48091EFE2BA34BB900EFCF69 /* HackerNewsApp.swift */; };
		48091F012BA34BB900EFCF69 /* ContentView.swift in Sources */ = {isa = PBXBuildFile; fileRef = 48091F002BA34BB900EFCF69 /* ContentView.swift */; };
		48091F032BA34BBB00EFCF69 /* Assets.xcassets in Resources */ = {isa = PBXBuildFile; fileRef = 48091F022BA34BBB00EFCF69 /* Assets.xcassets */; };
		48091F062BA34BBB00EFCF69 /* Preview Assets.xcassets in Resources */ = {isa = PBXBuildFile; fileRef = 48091F052BA34BBB00EFCF69 /* Preview Assets.xcassets */; };
		48091F102BA34BBB00EFCF69 /* HackerNewsTests.swift in Sources */ = {isa = PBXBuildFile; fileRef = 48091F0F2BA34BBB00EFCF69 /* HackerNewsTests.swift */; };
		48091F1A2BA34BBB00EFCF69 /* HackerNewsUITests.swift in Sources */ = {isa = PBXBuildFile; fileRef = 48091F192BA34BBB00EFCF69 /* HackerNewsUITests.swift */; };
		48091F1C2BA34BBB00EFCF69 /* HackerNewsUITestsLaunchTests.swift in Sources */ = {isa = PBXBuildFile; fileRef = 48091F1B2BA34BBB00EFCF69 /* HackerNewsUITestsLaunchTests.swift */; };
		48091F2D2BA3512300EFCF69 /* NewsView.swift in Sources */ = {isa = PBXBuildFile; fileRef = 48091F2C2BA3512300EFCF69 /* NewsView.swift */; };
		48091F2F2BA3514E00EFCF69 /* TopsView.swift in Sources */ = {isa = PBXBuildFile; fileRef = 48091F2E2BA3514E00EFCF69 /* TopsView.swift */; };
		48091F312BA3515900EFCF69 /* BestsView.swift in Sources */ = {isa = PBXBuildFile; fileRef = 48091F302BA3515900EFCF69 /* BestsView.swift */; };
		48091F352BA3520300EFCF69 /* Story.swift in Sources */ = {isa = PBXBuildFile; fileRef = 48091F342BA3520300EFCF69 /* Story.swift */; };
		48091F392BA3542F00EFCF69 /* ApiNetwork.swift in Sources */ = {isa = PBXBuildFile; fileRef = 48091F382BA3542F00EFCF69 /* ApiNetwork.swift */; };
		48091F3B2BA3631100EFCF69 /* WebView.swift in Sources */ = {isa = PBXBuildFile; fileRef = 48091F3A2BA3631100EFCF69 /* WebView.swift */; };
		48091F7F2BA5FFB100EFCF69 /* StoryView.swift in Sources */ = {isa = PBXBuildFile; fileRef = 48091F7E2BA5FFB100EFCF69 /* StoryView.swift */; };
		48091F812BA6F17400EFCF69 /* Favourite.swift in Sources */ = {isa = PBXBuildFile; fileRef = 48091F802BA6F17400EFCF69 /* Favourite.swift */; };
		48091F832BA701F100EFCF69 /* FavouritesView.swift in Sources */ = {isa = PBXBuildFile; fileRef = 48091F822BA701F100EFCF69 /* FavouritesView.swift */; };
		48091F872BA8E17800EFCF69 /* CommentView.swift in Sources */ = {isa = PBXBuildFile; fileRef = 48091F862BA8E17800EFCF69 /* CommentView.swift */; };
		48091F8B2BA9C71C00EFCF69 /* HTMLView.swift in Sources */ = {isa = PBXBuildFile; fileRef = 48091F8A2BA9C71C00EFCF69 /* HTMLView.swift */; };
/* End PBXBuildFile section */

/* Begin PBXContainerItemProxy section */
		48091F0C2BA34BBB00EFCF69 /* PBXContainerItemProxy */ = {
			isa = PBXContainerItemProxy;
			containerPortal = 48091EF32BA34BB900EFCF69 /* Project object */;
			proxyType = 1;
			remoteGlobalIDString = 48091EFA2BA34BB900EFCF69;
			remoteInfo = HackerNews;
		};
		48091F162BA34BBB00EFCF69 /* PBXContainerItemProxy */ = {
			isa = PBXContainerItemProxy;
			containerPortal = 48091EF32BA34BB900EFCF69 /* Project object */;
			proxyType = 1;
			remoteGlobalIDString = 48091EFA2BA34BB900EFCF69;
			remoteInfo = HackerNews;
		};
/* End PBXContainerItemProxy section */

/* Begin PBXFileReference section */
		48091EFB2BA34BB900EFCF69 /* HackerNews.app */ = {isa = PBXFileReference; explicitFileType = wrapper.application; includeInIndex = 0; path = HackerNews.app; sourceTree = BUILT_PRODUCTS_DIR; };
		48091EFE2BA34BB900EFCF69 /* HackerNewsApp.swift */ = {isa = PBXFileReference; lastKnownFileType = sourcecode.swift; path = HackerNewsApp.swift; sourceTree = "<group>"; };
		48091F002BA34BB900EFCF69 /* ContentView.swift */ = {isa = PBXFileReference; lastKnownFileType = sourcecode.swift; path = ContentView.swift; sourceTree = "<group>"; };
		48091F022BA34BBB00EFCF69 /* Assets.xcassets */ = {isa = PBXFileReference; lastKnownFileType = folder.assetcatalog; path = Assets.xcassets; sourceTree = "<group>"; };
		48091F052BA34BBB00EFCF69 /* Preview Assets.xcassets */ = {isa = PBXFileReference; lastKnownFileType = folder.assetcatalog; path = "Preview Assets.xcassets"; sourceTree = "<group>"; };
		48091F0B2BA34BBB00EFCF69 /* HackerNewsTests.xctest */ = {isa = PBXFileReference; explicitFileType = wrapper.cfbundle; includeInIndex = 0; path = HackerNewsTests.xctest; sourceTree = BUILT_PRODUCTS_DIR; };
		48091F0F2BA34BBB00EFCF69 /* HackerNewsTests.swift */ = {isa = PBXFileReference; lastKnownFileType = sourcecode.swift; path = HackerNewsTests.swift; sourceTree = "<group>"; };
		48091F152BA34BBB00EFCF69 /* HackerNewsUITests.xctest */ = {isa = PBXFileReference; explicitFileType = wrapper.cfbundle; includeInIndex = 0; path = HackerNewsUITests.xctest; sourceTree = BUILT_PRODUCTS_DIR; };
		48091F192BA34BBB00EFCF69 /* HackerNewsUITests.swift */ = {isa = PBXFileReference; lastKnownFileType = sourcecode.swift; path = HackerNewsUITests.swift; sourceTree = "<group>"; };
		48091F1B2BA34BBB00EFCF69 /* HackerNewsUITestsLaunchTests.swift */ = {isa = PBXFileReference; lastKnownFileType = sourcecode.swift; path = HackerNewsUITestsLaunchTests.swift; sourceTree = "<group>"; };
		48091F2C2BA3512300EFCF69 /* NewsView.swift */ = {isa = PBXFileReference; lastKnownFileType = sourcecode.swift; path = NewsView.swift; sourceTree = "<group>"; };
		48091F2E2BA3514E00EFCF69 /* TopsView.swift */ = {isa = PBXFileReference; lastKnownFileType = sourcecode.swift; path = TopsView.swift; sourceTree = "<group>"; };
		48091F302BA3515900EFCF69 /* BestsView.swift */ = {isa = PBXFileReference; lastKnownFileType = sourcecode.swift; path = BestsView.swift; sourceTree = "<group>"; };
		48091F342BA3520300EFCF69 /* Story.swift */ = {isa = PBXFileReference; lastKnownFileType = sourcecode.swift; path = Story.swift; sourceTree = "<group>"; };
		48091F382BA3542F00EFCF69 /* ApiNetwork.swift */ = {isa = PBXFileReference; lastKnownFileType = sourcecode.swift; path = ApiNetwork.swift; sourceTree = "<group>"; };
		48091F3A2BA3631100EFCF69 /* WebView.swift */ = {isa = PBXFileReference; lastKnownFileType = sourcecode.swift; path = WebView.swift; sourceTree = "<group>"; };
		48091F7E2BA5FFB100EFCF69 /* StoryView.swift */ = {isa = PBXFileReference; lastKnownFileType = sourcecode.swift; path = StoryView.swift; sourceTree = "<group>"; };
		48091F802BA6F17400EFCF69 /* Favourite.swift */ = {isa = PBXFileReference; lastKnownFileType = sourcecode.swift; path = Favourite.swift; sourceTree = "<group>"; };
		48091F822BA701F100EFCF69 /* FavouritesView.swift */ = {isa = PBXFileReference; lastKnownFileType = sourcecode.swift; path = FavouritesView.swift; sourceTree = "<group>"; };
		48091F862BA8E17800EFCF69 /* CommentView.swift */ = {isa = PBXFileReference; lastKnownFileType = sourcecode.swift; path = CommentView.swift; sourceTree = "<group>"; };
		48091F8A2BA9C71C00EFCF69 /* HTMLView.swift */ = {isa = PBXFileReference; lastKnownFileType = sourcecode.swift; path = HTMLView.swift; sourceTree = "<group>"; };
/* End PBXFileReference section */

/* Begin PBXFrameworksBuildPhase section */
		48091EF82BA34BB900EFCF69 /* Frameworks */ = {
			isa = PBXFrameworksBuildPhase;
			buildActionMask = 2147483647;
			files = (
			);
			runOnlyForDeploymentPostprocessing = 0;
		};
		48091F082BA34BBB00EFCF69 /* Frameworks */ = {
			isa = PBXFrameworksBuildPhase;
			buildActionMask = 2147483647;
			files = (
			);
			runOnlyForDeploymentPostprocessing = 0;
		};
		48091F122BA34BBB00EFCF69 /* Frameworks */ = {
			isa = PBXFrameworksBuildPhase;
			buildActionMask = 2147483647;
			files = (
			);
			runOnlyForDeploymentPostprocessing = 0;
		};
/* End PBXFrameworksBuildPhase section */

/* Begin PBXGroup section */
		48091EF22BA34BB900EFCF69 = {
			isa = PBXGroup;
			children = (
				48091EFD2BA34BB900EFCF69 /* HackerNews */,
				48091F0E2BA34BBB00EFCF69 /* HackerNewsTests */,
				48091F182BA34BBB00EFCF69 /* HackerNewsUITests */,
				48091EFC2BA34BB900EFCF69 /* Products */,
			);
			sourceTree = "<group>";
		};
		48091EFC2BA34BB900EFCF69 /* Products */ = {
			isa = PBXGroup;
			children = (
				48091EFB2BA34BB900EFCF69 /* HackerNews.app */,
				48091F0B2BA34BBB00EFCF69 /* HackerNewsTests.xctest */,
				48091F152BA34BBB00EFCF69 /* HackerNewsUITests.xctest */,
			);
			name = Products;
			sourceTree = "<group>";
		};
		48091EFD2BA34BB900EFCF69 /* HackerNews */ = {
			isa = PBXGroup;
			children = (
				48091F292BA34D9200EFCF69 /* Model */,
				48091F282BA34D8000EFCF69 /* View */,
				48091EFE2BA34BB900EFCF69 /* HackerNewsApp.swift */,
				48091F022BA34BBB00EFCF69 /* Assets.xcassets */,
				48091F042BA34BBB00EFCF69 /* Preview Content */,
			);
			path = HackerNews;
			sourceTree = "<group>";
		};
		48091F042BA34BBB00EFCF69 /* Preview Content */ = {
			isa = PBXGroup;
			children = (
				48091F052BA34BBB00EFCF69 /* Preview Assets.xcassets */,
			);
			path = "Preview Content";
			sourceTree = "<group>";
		};
		48091F0E2BA34BBB00EFCF69 /* HackerNewsTests */ = {
			isa = PBXGroup;
			children = (
				48091F0F2BA34BBB00EFCF69 /* HackerNewsTests.swift */,
			);
			path = HackerNewsTests;
			sourceTree = "<group>";
		};
		48091F182BA34BBB00EFCF69 /* HackerNewsUITests */ = {
			isa = PBXGroup;
			children = (
				48091F192BA34BBB00EFCF69 /* HackerNewsUITests.swift */,
				48091F1B2BA34BBB00EFCF69 /* HackerNewsUITestsLaunchTests.swift */,
			);
			path = HackerNewsUITests;
			sourceTree = "<group>";
		};
		48091F282BA34D8000EFCF69 /* View */ = {
			isa = PBXGroup;
			children = (
				48091F002BA34BB900EFCF69 /* ContentView.swift */,
				48091F7E2BA5FFB100EFCF69 /* StoryView.swift */,
				48091F2C2BA3512300EFCF69 /* NewsView.swift */,
				48091F2E2BA3514E00EFCF69 /* TopsView.swift */,
				48091F302BA3515900EFCF69 /* BestsView.swift */,
				48091F3A2BA3631100EFCF69 /* WebView.swift */,
				48091F822BA701F100EFCF69 /* FavouritesView.swift */,
				48091F862BA8E17800EFCF69 /* CommentView.swift */,
				48091F8A2BA9C71C00EFCF69 /* HTMLView.swift */,
			);
			path = View;
			sourceTree = "<group>";
		};
		48091F292BA34D9200EFCF69 /* Model */ = {
			isa = PBXGroup;
			children = (
				48091F342BA3520300EFCF69 /* Story.swift */,
				48091F382BA3542F00EFCF69 /* ApiNetwork.swift */,
				48091F802BA6F17400EFCF69 /* Favourite.swift */,
			);
			path = Model;
			sourceTree = "<group>";
		};
/* End PBXGroup section */

/* Begin PBXNativeTarget section */
		48091EFA2BA34BB900EFCF69 /* HackerNews */ = {
			isa = PBXNativeTarget;
			buildConfigurationList = 48091F1F2BA34BBB00EFCF69 /* Build configuration list for PBXNativeTarget "HackerNews" */;
			buildPhases = (
				48091EF72BA34BB900EFCF69 /* Sources */,
				48091EF82BA34BB900EFCF69 /* Frameworks */,
				48091EF92BA34BB900EFCF69 /* Resources */,
			);
			buildRules = (
			);
			dependencies = (
			);
			name = HackerNews;
			productName = HackerNews;
			productReference = 48091EFB2BA34BB900EFCF69 /* HackerNews.app */;
			productType = "com.apple.product-type.application";
		};
		48091F0A2BA34BBB00EFCF69 /* HackerNewsTests */ = {
			isa = PBXNativeTarget;
			buildConfigurationList = 48091F222BA34BBB00EFCF69 /* Build configuration list for PBXNativeTarget "HackerNewsTests" */;
			buildPhases = (
				48091F072BA34BBB00EFCF69 /* Sources */,
				48091F082BA34BBB00EFCF69 /* Frameworks */,
				48091F092BA34BBB00EFCF69 /* Resources */,
			);
			buildRules = (
			);
			dependencies = (
				48091F0D2BA34BBB00EFCF69 /* PBXTargetDependency */,
			);
			name = HackerNewsTests;
			productName = HackerNewsTests;
			productReference = 48091F0B2BA34BBB00EFCF69 /* HackerNewsTests.xctest */;
			productType = "com.apple.product-type.bundle.unit-test";
		};
		48091F142BA34BBB00EFCF69 /* HackerNewsUITests */ = {
			isa = PBXNativeTarget;
			buildConfigurationList = 48091F252BA34BBB00EFCF69 /* Build configuration list for PBXNativeTarget "HackerNewsUITests" */;
			buildPhases = (
				48091F112BA34BBB00EFCF69 /* Sources */,
				48091F122BA34BBB00EFCF69 /* Frameworks */,
				48091F132BA34BBB00EFCF69 /* Resources */,
			);
			buildRules = (
			);
			dependencies = (
				48091F172BA34BBB00EFCF69 /* PBXTargetDependency */,
			);
			name = HackerNewsUITests;
			productName = HackerNewsUITests;
			productReference = 48091F152BA34BBB00EFCF69 /* HackerNewsUITests.xctest */;
			productType = "com.apple.product-type.bundle.ui-testing";
		};
/* End PBXNativeTarget section */

/* Begin PBXProject section */
		48091EF32BA34BB900EFCF69 /* Project object */ = {
			isa = PBXProject;
			attributes = {
				BuildIndependentTargetsInParallel = 1;
				LastSwiftUpdateCheck = 1530;
				LastUpgradeCheck = 1530;
				TargetAttributes = {
					48091EFA2BA34BB900EFCF69 = {
						CreatedOnToolsVersion = 15.3;
					};
					48091F0A2BA34BBB00EFCF69 = {
						CreatedOnToolsVersion = 15.3;
						TestTargetID = 48091EFA2BA34BB900EFCF69;
					};
					48091F142BA34BBB00EFCF69 = {
						CreatedOnToolsVersion = 15.3;
						TestTargetID = 48091EFA2BA34BB900EFCF69;
					};
				};
			};
			buildConfigurationList = 48091EF62BA34BB900EFCF69 /* Build configuration list for PBXProject "HackerNews" */;
			compatibilityVersion = "Xcode 14.0";
			developmentRegion = en;
			hasScannedForEncodings = 0;
			knownRegions = (
				en,
				Base,
			);
			mainGroup = 48091EF22BA34BB900EFCF69;
			productRefGroup = 48091EFC2BA34BB900EFCF69 /* Products */;
			projectDirPath = "";
			projectRoot = "";
			targets = (
				48091EFA2BA34BB900EFCF69 /* HackerNews */,
				48091F0A2BA34BBB00EFCF69 /* HackerNewsTests */,
				48091F142BA34BBB00EFCF69 /* HackerNewsUITests */,
			);
		};
/* End PBXProject section */

/* Begin PBXResourcesBuildPhase section */
		48091EF92BA34BB900EFCF69 /* Resources */ = {
			isa = PBXResourcesBuildPhase;
			buildActionMask = 2147483647;
			files = (
				48091F062BA34BBB00EFCF69 /* Preview Assets.xcassets in Resources */,
				48091F032BA34BBB00EFCF69 /* Assets.xcassets in Resources */,
			);
			runOnlyForDeploymentPostprocessing = 0;
		};
		48091F092BA34BBB00EFCF69 /* Resources */ = {
			isa = PBXResourcesBuildPhase;
			buildActionMask = 2147483647;
			files = (
			);
			runOnlyForDeploymentPostprocessing = 0;
		};
		48091F132BA34BBB00EFCF69 /* Resources */ = {
			isa = PBXResourcesBuildPhase;
			buildActionMask = 2147483647;
			files = (
			);
			runOnlyForDeploymentPostprocessing = 0;
		};
/* End PBXResourcesBuildPhase section */

/* Begin PBXSourcesBuildPhase section */
		48091EF72BA34BB900EFCF69 /* Sources */ = {
			isa = PBXSourcesBuildPhase;
			buildActionMask = 2147483647;
			files = (
				48091F7F2BA5FFB100EFCF69 /* StoryView.swift in Sources */,
				48091F872BA8E17800EFCF69 /* CommentView.swift in Sources */,
				48091F8B2BA9C71C00EFCF69 /* HTMLView.swift in Sources */,
				48091F2D2BA3512300EFCF69 /* NewsView.swift in Sources */,
				48091F312BA3515900EFCF69 /* BestsView.swift in Sources */,
				48091F392BA3542F00EFCF69 /* ApiNetwork.swift in Sources */,
				48091F2F2BA3514E00EFCF69 /* TopsView.swift in Sources */,
				48091F012BA34BB900EFCF69 /* ContentView.swift in Sources */,
				48091F812BA6F17400EFCF69 /* Favourite.swift in Sources */,
				48091EFF2BA34BB900EFCF69 /* HackerNewsApp.swift in Sources */,
				48091F352BA3520300EFCF69 /* Story.swift in Sources */,
				48091F832BA701F100EFCF69 /* FavouritesView.swift in Sources */,
				48091F3B2BA3631100EFCF69 /* WebView.swift in Sources */,
			);
			runOnlyForDeploymentPostprocessing = 0;
		};
		48091F072BA34BBB00EFCF69 /* Sources */ = {
			isa = PBXSourcesBuildPhase;
			buildActionMask = 2147483647;
			files = (
				48091F102BA34BBB00EFCF69 /* HackerNewsTests.swift in Sources */,
			);
			runOnlyForDeploymentPostprocessing = 0;
		};
		48091F112BA34BBB00EFCF69 /* Sources */ = {
			isa = PBXSourcesBuildPhase;
			buildActionMask = 2147483647;
			files = (
				48091F1A2BA34BBB00EFCF69 /* HackerNewsUITests.swift in Sources */,
				48091F1C2BA34BBB00EFCF69 /* HackerNewsUITestsLaunchTests.swift in Sources */,
			);
			runOnlyForDeploymentPostprocessing = 0;
		};
/* End PBXSourcesBuildPhase section */

/* Begin PBXTargetDependency section */
		48091F0D2BA34BBB00EFCF69 /* PBXTargetDependency */ = {
			isa = PBXTargetDependency;
			target = 48091EFA2BA34BB900EFCF69 /* HackerNews */;
			targetProxy = 48091F0C2BA34BBB00EFCF69 /* PBXContainerItemProxy */;
		};
		48091F172BA34BBB00EFCF69 /* PBXTargetDependency */ = {
			isa = PBXTargetDependency;
			target = 48091EFA2BA34BB900EFCF69 /* HackerNews */;
			targetProxy = 48091F162BA34BBB00EFCF69 /* PBXContainerItemProxy */;
		};
/* End PBXTargetDependency section */

/* Begin XCBuildConfiguration section */
		48091F1D2BA34BBB00EFCF69 /* Debug */ = {
			isa = XCBuildConfiguration;
			buildSettings = {
				ALWAYS_SEARCH_USER_PATHS = NO;
				ASSETCATALOG_COMPILER_GENERATE_SWIFT_ASSET_SYMBOL_EXTENSIONS = YES;
				CLANG_ANALYZER_NONNULL = YES;
				CLANG_ANALYZER_NUMBER_OBJECT_CONVERSION = YES_AGGRESSIVE;
				CLANG_CXX_LANGUAGE_STANDARD = "gnu++20";
				CLANG_ENABLE_MODULES = YES;
				CLANG_ENABLE_OBJC_ARC = YES;
				CLANG_ENABLE_OBJC_WEAK = YES;
				CLANG_WARN_BLOCK_CAPTURE_AUTORELEASING = YES;
				CLANG_WARN_BOOL_CONVERSION = YES;
				CLANG_WARN_COMMA = YES;
				CLANG_WARN_CONSTANT_CONVERSION = YES;
				CLANG_WARN_DEPRECATED_OBJC_IMPLEMENTATIONS = YES;
				CLANG_WARN_DIRECT_OBJC_ISA_USAGE = YES_ERROR;
				CLANG_WARN_DOCUMENTATION_COMMENTS = YES;
				CLANG_WARN_EMPTY_BODY = YES;
				CLANG_WARN_ENUM_CONVERSION = YES;
				CLANG_WARN_INFINITE_RECURSION = YES;
				CLANG_WARN_INT_CONVERSION = YES;
				CLANG_WARN_NON_LITERAL_NULL_CONVERSION = YES;
				CLANG_WARN_OBJC_IMPLICIT_RETAIN_SELF = YES;
				CLANG_WARN_OBJC_LITERAL_CONVERSION = YES;
				CLANG_WARN_OBJC_ROOT_CLASS = YES_ERROR;
				CLANG_WARN_QUOTED_INCLUDE_IN_FRAMEWORK_HEADER = YES;
				CLANG_WARN_RANGE_LOOP_ANALYSIS = YES;
				CLANG_WARN_STRICT_PROTOTYPES = YES;
				CLANG_WARN_SUSPICIOUS_MOVE = YES;
				CLANG_WARN_UNGUARDED_AVAILABILITY = YES_AGGRESSIVE;
				CLANG_WARN_UNREACHABLE_CODE = YES;
				CLANG_WARN__DUPLICATE_METHOD_MATCH = YES;
				COPY_PHASE_STRIP = NO;
				DEBUG_INFORMATION_FORMAT = dwarf;
				ENABLE_STRICT_OBJC_MSGSEND = YES;
				ENABLE_TESTABILITY = YES;
				ENABLE_USER_SCRIPT_SANDBOXING = YES;
				GCC_C_LANGUAGE_STANDARD = gnu17;
				GCC_DYNAMIC_NO_PIC = NO;
				GCC_NO_COMMON_BLOCKS = YES;
				GCC_OPTIMIZATION_LEVEL = 0;
				GCC_PREPROCESSOR_DEFINITIONS = (
					"DEBUG=1",
					"$(inherited)",
				);
				GCC_WARN_64_TO_32_BIT_CONVERSION = YES;
				GCC_WARN_ABOUT_RETURN_TYPE = YES_ERROR;
				GCC_WARN_UNDECLARED_SELECTOR = YES;
				GCC_WARN_UNINITIALIZED_AUTOS = YES_AGGRESSIVE;
				GCC_WARN_UNUSED_FUNCTION = YES;
				GCC_WARN_UNUSED_VARIABLE = YES;
				IPHONEOS_DEPLOYMENT_TARGET = 17.4;
				LOCALIZATION_PREFERS_STRING_CATALOGS = YES;
				MTL_ENABLE_DEBUG_INFO = INCLUDE_SOURCE;
				MTL_FAST_MATH = YES;
				ONLY_ACTIVE_ARCH = YES;
				SDKROOT = iphoneos;
				SWIFT_ACTIVE_COMPILATION_CONDITIONS = "DEBUG $(inherited)";
				SWIFT_OPTIMIZATION_LEVEL = "-Onone";
			};
			name = Debug;
		};
		48091F1E2BA34BBB00EFCF69 /* Release */ = {
			isa = XCBuildConfiguration;
			buildSettings = {
				ALWAYS_SEARCH_USER_PATHS = NO;
				ASSETCATALOG_COMPILER_GENERATE_SWIFT_ASSET_SYMBOL_EXTENSIONS = YES;
				CLANG_ANALYZER_NONNULL = YES;
				CLANG_ANALYZER_NUMBER_OBJECT_CONVERSION = YES_AGGRESSIVE;
				CLANG_CXX_LANGUAGE_STANDARD = "gnu++20";
				CLANG_ENABLE_MODULES = YES;
				CLANG_ENABLE_OBJC_ARC = YES;
				CLANG_ENABLE_OBJC_WEAK = YES;
				CLANG_WARN_BLOCK_CAPTURE_AUTORELEASING = YES;
				CLANG_WARN_BOOL_CONVERSION = YES;
				CLANG_WARN_COMMA = YES;
				CLANG_WARN_CONSTANT_CONVERSION = YES;
				CLANG_WARN_DEPRECATED_OBJC_IMPLEMENTATIONS = YES;
				CLANG_WARN_DIRECT_OBJC_ISA_USAGE = YES_ERROR;
				CLANG_WARN_DOCUMENTATION_COMMENTS = YES;
				CLANG_WARN_EMPTY_BODY = YES;
				CLANG_WARN_ENUM_CONVERSION = YES;
				CLANG_WARN_INFINITE_RECURSION = YES;
				CLANG_WARN_INT_CONVERSION = YES;
				CLANG_WARN_NON_LITERAL_NULL_CONVERSION = YES;
				CLANG_WARN_OBJC_IMPLICIT_RETAIN_SELF = YES;
				CLANG_WARN_OBJC_LITERAL_CONVERSION = YES;
				CLANG_WARN_OBJC_ROOT_CLASS = YES_ERROR;
				CLANG_WARN_QUOTED_INCLUDE_IN_FRAMEWORK_HEADER = YES;
				CLANG_WARN_RANGE_LOOP_ANALYSIS = YES;
				CLANG_WARN_STRICT_PROTOTYPES = YES;
				CLANG_WARN_SUSPICIOUS_MOVE = YES;
				CLANG_WARN_UNGUARDED_AVAILABILITY = YES_AGGRESSIVE;
				CLANG_WARN_UNREACHABLE_CODE = YES;
				CLANG_WARN__DUPLICATE_METHOD_MATCH = YES;
				COPY_PHASE_STRIP = NO;
				DEBUG_INFORMATION_FORMAT = "dwarf-with-dsym";
				ENABLE_NS_ASSERTIONS = NO;
				ENABLE_STRICT_OBJC_MSGSEND = YES;
				ENABLE_USER_SCRIPT_SANDBOXING = YES;
				GCC_C_LANGUAGE_STANDARD = gnu17;
				GCC_NO_COMMON_BLOCKS = YES;
				GCC_WARN_64_TO_32_BIT_CONVERSION = YES;
				GCC_WARN_ABOUT_RETURN_TYPE = YES_ERROR;
				GCC_WARN_UNDECLARED_SELECTOR = YES;
				GCC_WARN_UNINITIALIZED_AUTOS = YES_AGGRESSIVE;
				GCC_WARN_UNUSED_FUNCTION = YES;
				GCC_WARN_UNUSED_VARIABLE = YES;
				IPHONEOS_DEPLOYMENT_TARGET = 17.4;
				LOCALIZATION_PREFERS_STRING_CATALOGS = YES;
				MTL_ENABLE_DEBUG_INFO = NO;
				MTL_FAST_MATH = YES;
				SDKROOT = iphoneos;
				SWIFT_COMPILATION_MODE = wholemodule;
				VALIDATE_PRODUCT = YES;
			};
			name = Release;
		};
		48091F202BA34BBB00EFCF69 /* Debug */ = {
			isa = XCBuildConfiguration;
			buildSettings = {
				ASSETCATALOG_COMPILER_APPICON_NAME = AppIcon;
				ASSETCATALOG_COMPILER_GLOBAL_ACCENT_COLOR_NAME = AccentColor;
				CODE_SIGN_STYLE = Automatic;
				CURRENT_PROJECT_VERSION = 1;
				DEVELOPMENT_ASSET_PATHS = "\"HackerNews/Preview Content\"";
				DEVELOPMENT_TEAM = "";
				ENABLE_PREVIEWS = YES;
				GENERATE_INFOPLIST_FILE = YES;
				INFOPLIST_KEY_UIApplicationSceneManifest_Generation = YES;
				INFOPLIST_KEY_UIApplicationSupportsIndirectInputEvents = YES;
				INFOPLIST_KEY_UILaunchScreen_Generation = YES;
				INFOPLIST_KEY_UISupportedInterfaceOrientations_iPad = "UIInterfaceOrientationPortrait UIInterfaceOrientationPortraitUpsideDown UIInterfaceOrientationLandscapeLeft UIInterfaceOrientationLandscapeRight";
				INFOPLIST_KEY_UISupportedInterfaceOrientations_iPhone = "UIInterfaceOrientationPortrait UIInterfaceOrientationLandscapeLeft UIInterfaceOrientationLandscapeRight";
				LD_RUNPATH_SEARCH_PATHS = (
					"$(inherited)",
					"@executable_path/Frameworks",
				);
				MARKETING_VERSION = 1.0;
				PRODUCT_BUNDLE_IDENTIFIER = com.giovanniteresi.HackerNews;
				PRODUCT_NAME = "$(TARGET_NAME)";
				SWIFT_EMIT_LOC_STRINGS = YES;
				SWIFT_VERSION = 5.0;
				TARGETED_DEVICE_FAMILY = "1,2";
			};
			name = Debug;
		};
		48091F212BA34BBB00EFCF69 /* Release */ = {
			isa = XCBuildConfiguration;
			buildSettings = {
				ASSETCATALOG_COMPILER_APPICON_NAME = AppIcon;
				ASSETCATALOG_COMPILER_GLOBAL_ACCENT_COLOR_NAME = AccentColor;
				CODE_SIGN_STYLE = Automatic;
				CURRENT_PROJECT_VERSION = 1;
				DEVELOPMENT_ASSET_PATHS = "\"HackerNews/Preview Content\"";
				DEVELOPMENT_TEAM = "";
				ENABLE_PREVIEWS = YES;
				GENERATE_INFOPLIST_FILE = YES;
				INFOPLIST_KEY_UIApplicationSceneManifest_Generation = YES;
				INFOPLIST_KEY_UIApplicationSupportsIndirectInputEvents = YES;
				INFOPLIST_KEY_UILaunchScreen_Generation = YES;
				INFOPLIST_KEY_UISupportedInterfaceOrientations_iPad = "UIInterfaceOrientationPortrait UIInterfaceOrientationPortraitUpsideDown UIInterfaceOrientationLandscapeLeft UIInterfaceOrientationLandscapeRight";
				INFOPLIST_KEY_UISupportedInterfaceOrientations_iPhone = "UIInterfaceOrientationPortrait UIInterfaceOrientationLandscapeLeft UIInterfaceOrientationLandscapeRight";
				LD_RUNPATH_SEARCH_PATHS = (
					"$(inherited)",
					"@executable_path/Frameworks",
				);
				MARKETING_VERSION = 1.0;
				PRODUCT_BUNDLE_IDENTIFIER = com.giovanniteresi.HackerNews;
				PRODUCT_NAME = "$(TARGET_NAME)";
				SWIFT_EMIT_LOC_STRINGS = YES;
				SWIFT_VERSION = 5.0;
				TARGETED_DEVICE_FAMILY = "1,2";
			};
			name = Release;
		};
		48091F232BA34BBB00EFCF69 /* Debug */ = {
			isa = XCBuildConfiguration;
			buildSettings = {
				ALWAYS_EMBED_SWIFT_STANDARD_LIBRARIES = YES;
				BUNDLE_LOADER = "$(TEST_HOST)";
				CODE_SIGN_STYLE = Automatic;
				CURRENT_PROJECT_VERSION = 1;
				DEVELOPMENT_TEAM = B88Y6SKUDD;
				GENERATE_INFOPLIST_FILE = YES;
				IPHONEOS_DEPLOYMENT_TARGET = 17.4;
				MARKETING_VERSION = 1.0;
				PRODUCT_BUNDLE_IDENTIFIER = com.giovanniteresi.HackerNewsTests;
				PRODUCT_NAME = "$(TARGET_NAME)";
				SWIFT_EMIT_LOC_STRINGS = NO;
				SWIFT_VERSION = 5.0;
				TARGETED_DEVICE_FAMILY = "1,2";
				TEST_HOST = "$(BUILT_PRODUCTS_DIR)/HackerNews.app/$(BUNDLE_EXECUTABLE_FOLDER_PATH)/HackerNews";
			};
			name = Debug;
		};
		48091F242BA34BBB00EFCF69 /* Release */ = {
			isa = XCBuildConfiguration;
			buildSettings = {
				ALWAYS_EMBED_SWIFT_STANDARD_LIBRARIES = YES;
				BUNDLE_LOADER = "$(TEST_HOST)";
				CODE_SIGN_STYLE = Automatic;
				CURRENT_PROJECT_VERSION = 1;
				DEVELOPMENT_TEAM = B88Y6SKUDD;
				GENERATE_INFOPLIST_FILE = YES;
				IPHONEOS_DEPLOYMENT_TARGET = 17.4;
				MARKETING_VERSION = 1.0;
				PRODUCT_BUNDLE_IDENTIFIER = com.giovanniteresi.HackerNewsTests;
				PRODUCT_NAME = "$(TARGET_NAME)";
				SWIFT_EMIT_LOC_STRINGS = NO;
				SWIFT_VERSION = 5.0;
				TARGETED_DEVICE_FAMILY = "1,2";
				TEST_HOST = "$(BUILT_PRODUCTS_DIR)/HackerNews.app/$(BUNDLE_EXECUTABLE_FOLDER_PATH)/HackerNews";
			};
			name = Release;
		};
		48091F262BA34BBB00EFCF69 /* Debug */ = {
			isa = XCBuildConfiguration;
			buildSettings = {
				ALWAYS_EMBED_SWIFT_STANDARD_LIBRARIES = YES;
				CODE_SIGN_STYLE = Automatic;
				CURRENT_PROJECT_VERSION = 1;
				DEVELOPMENT_TEAM = B88Y6SKUDD;
				GENERATE_INFOPLIST_FILE = YES;
				MARKETING_VERSION = 1.0;
				PRODUCT_BUNDLE_IDENTIFIER = com.giovanniteresi.HackerNewsUITests;
				PRODUCT_NAME = "$(TARGET_NAME)";
				SWIFT_EMIT_LOC_STRINGS = NO;
				SWIFT_VERSION = 5.0;
				TARGETED_DEVICE_FAMILY = "1,2";
				TEST_TARGET_NAME = HackerNews;
			};
			name = Debug;
		};
		48091F272BA34BBB00EFCF69 /* Release */ = {
			isa = XCBuildConfiguration;
			buildSettings = {
				ALWAYS_EMBED_SWIFT_STANDARD_LIBRARIES = YES;
				CODE_SIGN_STYLE = Automatic;
				CURRENT_PROJECT_VERSION = 1;
				DEVELOPMENT_TEAM = B88Y6SKUDD;
				GENERATE_INFOPLIST_FILE = YES;
				MARKETING_VERSION = 1.0;
				PRODUCT_BUNDLE_IDENTIFIER = com.giovanniteresi.HackerNewsUITests;
				PRODUCT_NAME = "$(TARGET_NAME)";
				SWIFT_EMIT_LOC_STRINGS = NO;
				SWIFT_VERSION = 5.0;
				TARGETED_DEVICE_FAMILY = "1,2";
				TEST_TARGET_NAME = HackerNews;
			};
			name = Release;
		};
/* End XCBuildConfiguration section */

/* Begin XCConfigurationList section */
		48091EF62BA34BB900EFCF69 /* Build configuration list for PBXProject "HackerNews" */ = {
			isa = XCConfigurationList;
			buildConfigurations = (
				48091F1D2BA34BBB00EFCF69 /* Debug */,
				48091F1E2BA34BBB00EFCF69 /* Release */,
			);
			defaultConfigurationIsVisible = 0;
			defaultConfigurationName = Release;
		};
		48091F1F2BA34BBB00EFCF69 /* Build configuration list for PBXNativeTarget "HackerNews" */ = {
			isa = XCConfigurationList;
			buildConfigurations = (
				48091F202BA34BBB00EFCF69 /* Debug */,
				48091F212BA34BBB00EFCF69 /* Release */,
			);
			defaultConfigurationIsVisible = 0;
			defaultConfigurationName = Release;
		};
		48091F222BA34BBB00EFCF69 /* Build configuration list for PBXNativeTarget "HackerNewsTests" */ = {
			isa = XCConfigurationList;
			buildConfigurations = (
				48091F232BA34BBB00EFCF69 /* Debug */,
				48091F242BA34BBB00EFCF69 /* Release */,
			);
			defaultConfigurationIsVisible = 0;
			defaultConfigurationName = Release;
		};
		48091F252BA34BBB00EFCF69 /* Build configuration list for PBXNativeTarget "HackerNewsUITests" */ = {
			isa = XCConfigurationList;
			buildConfigurations = (
				48091F262BA34BBB00EFCF69 /* Debug */,
				48091F272BA34BBB00EFCF69 /* Release */,
			);
			defaultConfigurationIsVisible = 0;
			defaultConfigurationName = Release;
		};
/* End XCConfigurationList section */
	};
	rootObject = 48091EF32BA34BB900EFCF69 /* Project object */;
}
